
Microsoft Visual Studio Solution File, Format Version 12.00
# Visual Studio Version 17
VisualStudioVersion = 17.2.32630.192
MinimumVisualStudioVersion = 10.0.40219.1
Project("{E24C65DC-7377-472B-9ABA-BC803B73C61A}") = "ECartWebsite", "ECartWebsite\", "{A5416083-92BF-46B5-9B16-55DDECFE49C5}"
	ProjectSection(WebsiteProperties) = preProject
		TargetFrameworkMoniker = ".NETFramework,Version%3Dv4.7.2"
		Debug.AspNetCompiler.VirtualPath = "/localhost_50157"
		Debug.AspNetCompiler.PhysicalPath = "ECartWebsite\"
		Debug.AspNetCompiler.TargetPath = "PrecompiledWeb\localhost_50157\"
		Debug.AspNetCompiler.Updateable = "true"
		Debug.AspNetCompiler.ForceOverwrite = "true"
		Debug.AspNetCompiler.FixedNames = "false"
		Debug.AspNetCompiler.Debug = "True"
		Release.AspNetCompiler.VirtualPath = "/localhost_50157"
		Release.AspNetCompiler.PhysicalPath = "ECartWebsite\"
		Release.AspNetCompiler.TargetPath = "PrecompiledWeb\localhost_50157\"
		Release.AspNetCompiler.Updateable = "true"
		Release.AspNetCompiler.ForceOverwrite = "true"
		Release.AspNetCompiler.FixedNames = "false"
		Release.AspNetCompiler.Debug = "False"
		VWDPort = "50157"
		SlnRelativePath = "ECartWebsite\"
		DefaultWebSiteLanguage = "Visual C#"
	EndProjectSection
EndProject
Global
	GlobalSection(SolutionConfigurationPlatforms) = preSolution
		Debug|Any CPU = Debug|Any CPU
	EndGlobalSection
	GlobalSection(ProjectConfigurationPlatforms) = postSolution
		{A5416083-92BF-46B5-9B16-55DDECFE49C5}.Debug|Any CPU.ActiveCfg = Debug|Any CPU
		{A5416083-92BF-46B5-9B16-55DDECFE49C5}.Debug|Any CPU.Build.0 = Debug|Any CPU
	EndGlobalSection
	GlobalSection(SolutionProperties) = preSolution
		HideSolutionNode = FALSE
	EndGlobalSection
	GlobalSection(ExtensibilityGlobals) = postSolution
		SolutionGuid = {DF273F33-8999-4737-80FD-E95238460A4E}
	EndGlobalSection
EndGlobal
